// !$*UTF8*$!
{
	archiveVersion = 1;
	classes = {
	};
	objectVersion = 55;
	objects = {

/* Begin PBXBuildFile section */
		0B19E2C33A2ECC95968CE713 /* Pods_CodeUICreation.framework in Frameworks */ = {isa = PBXBuildFile; fileRef = 528E69F7FAC3B3F55C852EC3 /* Pods_CodeUICreation.framework */; };
		BFC40BB3273ACB1F0065D46C /* AppDelegate.swift in Sources */ = {isa = PBXBuildFile; fileRef = BFC40BB2273ACB1F0065D46C /* AppDelegate.swift */; };
		BFC40BB5273ACB1F0065D46C /* SceneDelegate.swift in Sources */ = {isa = PBXBuildFile; fileRef = BFC40BB4273ACB1F0065D46C /* SceneDelegate.swift */; };
		BFC40BB7273ACB1F0065D46C /* ViewController.swift in Sources */ = {isa = PBXBuildFile; fileRef = BFC40BB6273ACB1F0065D46C /* ViewController.swift */; };
		BFC40BBA273ACB1F0065D46C /* Main.storyboard in Resources */ = {isa = PBXBuildFile; fileRef = BFC40BB8273ACB1F0065D46C /* Main.storyboard */; };
		BFC40BBC273ACB1F0065D46C /* Assets.xcassets in Resources */ = {isa = PBXBuildFile; fileRef = BFC40BBB273ACB1F0065D46C /* Assets.xcassets */; };
		BFC40BBF273ACB1F0065D46C /* LaunchScreen.storyboard in Resources */ = {isa = PBXBuildFile; fileRef = BFC40BBD273ACB1F0065D46C /* LaunchScreen.storyboard */; };
		BFC40BC7273ACB360065D46C /* CodeCreatedView.swift in Sources */ = {isa = PBXBuildFile; fileRef = BFC40BC6273ACB360065D46C /* CodeCreatedView.swift */; };
/* End PBXBuildFile section */

/* Begin PBXFileReference section */
		4304A7C2A360B2D832E7AA32 /* Pods-CodeUICreation.debug.xcconfig */ = {isa = PBXFileReference; includeInIndex = 1; lastKnownFileType = text.xcconfig; name = "Pods-CodeUICreation.debug.xcconfig"; path = "Target Support Files/Pods-CodeUICreation/Pods-CodeUICreation.debug.xcconfig"; sourceTree = "<group>"; };
		528E69F7FAC3B3F55C852EC3 /* Pods_CodeUICreation.framework */ = {isa = PBXFileReference; explicitFileType = wrapper.framework; includeInIndex = 0; path = Pods_CodeUICreation.framework; sourceTree = BUILT_PRODUCTS_DIR; };
		6168E8A2D0ADCACD1FFB9674 /* Pods-CodeUICreation.release.xcconfig */ = {isa = PBXFileReference; includeInIndex = 1; lastKnownFileType = text.xcconfig; name = "Pods-CodeUICreation.release.xcconfig"; path = "Target Support Files/Pods-CodeUICreation/Pods-CodeUICreation.release.xcconfig"; sourceTree = "<group>"; };
		BFC40BAF273ACB1F0065D46C /* CodeUICreation.app */ = {isa = PBXFileReference; explicitFileType = wrapper.application; includeInIndex = 0; path = CodeUICreation.app; sourceTree = BUILT_PRODUCTS_DIR; };
		BFC40BB2273ACB1F0065D46C /* AppDelegate.swift */ = {isa = PBXFileReference; lastKnownFileType = sourcecode.swift; path = AppDelegate.swift; sourceTree = "<group>"; };
		BFC40BB4273ACB1F0065D46C /* SceneDelegate.swift */ = {isa = PBXFileReference; lastKnownFileType = sourcecode.swift; path = SceneDelegate.swift; sourceTree = "<group>"; };
		BFC40BB6273ACB1F0065D46C /* ViewController.swift */ = {isa = PBXFileReference; lastKnownFileType = sourcecode.swift; path = ViewController.swift; sourceTree = "<group>"; };
		BFC40BB9273ACB1F0065D46C /* Base */ = {isa = PBXFileReference; lastKnownFileType = file.storyboard; name = Base; path = Base.lproj/Main.storyboard; sourceTree = "<group>"; };
		BFC40BBB273ACB1F0065D46C /* Assets.xcassets */ = {isa = PBXFileReference; lastKnownFileType = folder.assetcatalog; path = Assets.xcassets; sourceTree = "<group>"; };
		BFC40BBE273ACB1F0065D46C /* Base */ = {isa = PBXFileReference; lastKnownFileType = file.storyboard; name = Base; path = Base.lproj/LaunchScreen.storyboard; sourceTree = "<group>"; };
		BFC40BC0273ACB1F0065D46C /* Info.plist */ = {isa = PBXFileReference; lastKnownFileType = text.plist.xml; path = Info.plist; sourceTree = "<group>"; };
		BFC40BC6273ACB360065D46C /* CodeCreatedView.swift */ = {isa = PBXFileReference; lastKnownFileType = sourcecode.swift; path = CodeCreatedView.swift; sourceTree = "<group>"; };
/* End PBXFileReference section */

/* Begin PBXFrameworksBuildPhase section */
		BFC40BAC273ACB1F0065D46C /* Frameworks */ = {
			isa = PBXFrameworksBuildPhase;
			buildActionMask = 2147483647;
			files = (
				0B19E2C33A2ECC95968CE713 /* Pods_CodeUICreation.framework in Frameworks */,
			);
			runOnlyForDeploymentPostprocessing = 0;
		};
/* End PBXFrameworksBuildPhase section */

/* Begin PBXGroup section */
		9FCA5D57F1AD5684D4EA56A7 /* Frameworks */ = {
			isa = PBXGroup;
			children = (
				528E69F7FAC3B3F55C852EC3 /* Pods_CodeUICreation.framework */,
			);
			name = Frameworks;
			sourceTree = "<group>";
		};
		AA5F75B4B9EADDF0034F7CA1 /* Pods */ = {
			isa = PBXGroup;
			children = (
				4304A7C2A360B2D832E7AA32 /* Pods-CodeUICreation.debug.xcconfig */,
				6168E8A2D0ADCACD1FFB9674 /* Pods-CodeUICreation.release.xcconfig */,
			);
			path = Pods;
			sourceTree = "<group>";
		};
		BFC40BA6273ACB1F0065D46C = {
			isa = PBXGroup;
			children = (
				BFC40BB1273ACB1F0065D46C /* CodeUICreation */,
				BFC40BB0273ACB1F0065D46C /* Products */,
				AA5F75B4B9EADDF0034F7CA1 /* Pods */,
				9FCA5D57F1AD5684D4EA56A7 /* Frameworks */,
			);
			sourceTree = "<group>";
		};
		BFC40BB0273ACB1F0065D46C /* Products */ = {
			isa = PBXGroup;
			children = (
				BFC40BAF273ACB1F0065D46C /* CodeUICreation.app */,
			);
			name = Products;
			sourceTree = "<group>";
		};
		BFC40BB1273ACB1F0065D46C /* CodeUICreation */ = {
			isa = PBXGroup;
			children = (
				BFC40BB2273ACB1F0065D46C /* AppDelegate.swift */,
				BFC40BB4273ACB1F0065D46C /* SceneDelegate.swift */,
				BFC40BB6273ACB1F0065D46C /* ViewController.swift */,
				BFC40BC6273ACB360065D46C /* CodeCreatedView.swift */,
				BFC40BB8273ACB1F0065D46C /* Main.storyboard */,
				BFC40BBB273ACB1F0065D46C /* Assets.xcassets */,
				BFC40BBD273ACB1F0065D46C /* LaunchScreen.storyboard */,
				BFC40BC0273ACB1F0065D46C /* Info.plist */,
			);
			path = CodeUICreation;
			sourceTree = "<group>";
		};
/* End PBXGroup section */

/* Begin PBXNativeTarget section */
		BFC40BAE273ACB1F0065D46C /* CodeUICreation */ = {
			isa = PBXNativeTarget;
			buildConfigurationList = BFC40BC3273ACB1F0065D46C /* Build configuration list for PBXNativeTarget "CodeUICreation" */;
			buildPhases = (
				8330675A3228C1A69ADECD66 /* [CP] Check Pods Manifest.lock */,
				BFC40BAB273ACB1F0065D46C /* Sources */,
				BFC40BAC273ACB1F0065D46C /* Frameworks */,
				BFC40BAD273ACB1F0065D46C /* Resources */,
				971D2C2A79B914FE4ED823B2 /* [CP] Embed Pods Frameworks */,
			);
			buildRules = (
			);
			dependencies = (
			);
			name = CodeUICreation;
			productName = CodeUICreation;
			productReference = BFC40BAF273ACB1F0065D46C /* CodeUICreation.app */;
			productType = "com.apple.product-type.application";
		};
/* End PBXNativeTarget section */

/* Begin PBXProject section */
		BFC40BA7273ACB1F0065D46C /* Project object */ = {
			isa = PBXProject;
			attributes = {
				BuildIndependentTargetsInParallel = 1;
				LastSwiftUpdateCheck = 1310;
				LastUpgradeCheck = 1310;
				TargetAttributes = {
					BFC40BAE273ACB1F0065D46C = {
						CreatedOnToolsVersion = 13.1;
					};
				};
			};
			buildConfigurationList = BFC40BAA273ACB1F0065D46C /* Build configuration list for PBXProject "CodeUICreation" */;
			compatibilityVersion = "Xcode 13.0";
			developmentRegion = en;
			hasScannedForEncodings = 0;
			knownRegions = (
				en,
				Base,
			);
			mainGroup = BFC40BA6273ACB1F0065D46C;
			productRefGroup = BFC40BB0273ACB1F0065D46C /* Products */;
			projectDirPath = "";
			projectRoot = "";
			targets = (
				BFC40BAE273ACB1F0065D46C /* CodeUICreation */,
			);
		};
/* End PBXProject section */

/* Begin PBXResourcesBuildPhase section */
		BFC40BAD273ACB1F0065D46C /* Resources */ = {
			isa = PBXResourcesBuildPhase;
			buildActionMask = 2147483647;
			files = (
				BFC40BBF273ACB1F0065D46C /* LaunchScreen.storyboard in Resources */,
				BFC40BBC273ACB1F0065D46C /* Assets.xcassets in Resources */,
				BFC40BBA273ACB1F0065D46C /* Main.storyboard in Resources */,
			);
			runOnlyForDeploymentPostprocessing = 0;
		};
/* End PBXResourcesBuildPhase section */

/* Begin PBXShellScriptBuildPhase section */
		8330675A3228C1A69ADECD66 /* [CP] Check Pods Manifest.lock */ = {
			isa = PBXShellScriptBuildPhase;
			buildActionMask = 2147483647;
			files = (
			);
			inputFileListPaths = (
			);
			inputPaths = (
				"${PODS_PODFILE_DIR_PATH}/Podfile.lock",
				"${PODS_ROOT}/Manifest.lock",
			);
			name = "[CP] Check Pods Manifest.lock";
			outputFileListPaths = (
			);
			outputPaths = (
				"$(DERIVED_FILE_DIR)/Pods-CodeUICreation-checkManifestLockResult.txt",
			);
			runOnlyForDeploymentPostprocessing = 0;
			shellPath = /bin/sh;
			shellScript = "diff \"${PODS_PODFILE_DIR_PATH}/Podfile.lock\" \"${PODS_ROOT}/Manifest.lock\" > /dev/null\nif [ $? != 0 ] ; then\n    # print error to STDERR\n    echo \"error: The sandbox is not in sync with the Podfile.lock. Run 'pod install' or update your CocoaPods installation.\" >&2\n    exit 1\nfi\n# This output is used by Xcode 'outputs' to avoid re-running this script phase.\necho \"SUCCESS\" > \"${SCRIPT_OUTPUT_FILE_0}\"\n";
			showEnvVarsInLog = 0;
		};
		971D2C2A79B914FE4ED823B2 /* [CP] Embed Pods Frameworks */ = {
			isa = PBXShellScriptBuildPhase;
			buildActionMask = 2147483647;
			files = (
			);
			inputFileListPaths = (
				"${PODS_ROOT}/Target Support Files/Pods-CodeUICreation/Pods-CodeUICreation-frameworks-${CONFIGURATION}-input-files.xcfilelist",
			);
			name = "[CP] Embed Pods Frameworks";
			outputFileListPaths = (
				"${PODS_ROOT}/Target Support Files/Pods-CodeUICreation/Pods-CodeUICreation-frameworks-${CONFIGURATION}-output-files.xcfilelist",
			);
			runOnlyForDeploymentPostprocessing = 0;
			shellPath = /bin/sh;
			shellScript = "\"${PODS_ROOT}/Target Support Files/Pods-CodeUICreation/Pods-CodeUICreation-frameworks.sh\"\n";
			showEnvVarsInLog = 0;
		};
/* End PBXShellScriptBuildPhase section */

/* Begin PBXSourcesBuildPhase section */
		BFC40BAB273ACB1F0065D46C /* Sources */ = {
			isa = PBXSourcesBuildPhase;
			buildActionMask = 2147483647;
			files = (
				BFC40BB7273ACB1F0065D46C /* ViewController.swift in Sources */,
				BFC40BB3273ACB1F0065D46C /* AppDelegate.swift in Sources */,
				BFC40BC7273ACB360065D46C /* CodeCreatedView.swift in Sources */,
				BFC40BB5273ACB1F0065D46C /* SceneDelegate.swift in Sources */,
			);
			runOnlyForDeploymentPostprocessing = 0;
		};
/* End PBXSourcesBuildPhase section */

/* Begin PBXVariantGroup section */
		BFC40BB8273ACB1F0065D46C /* Main.storyboard */ = {
			isa = PBXVariantGroup;
			children = (
				BFC40BB9273ACB1F0065D46C /* Base */,
			);
			name = Main.storyboard;
			sourceTree = "<group>";
		};
		BFC40BBD273ACB1F0065D46C /* LaunchScreen.storyboard */ = {
			isa = PBXVariantGroup;
			children = (
				BFC40BBE273ACB1F0065D46C /* Base */,
			);
			name = LaunchScreen.storyboard;
			sourceTree = "<group>";
		};
/* End PBXVariantGroup section */

/* Begin XCBuildConfiguration section */
		BFC40BC1273ACB1F0065D46C /* Debug */ = {
			isa = XCBuildConfiguration;
			buildSettings = {
				ALWAYS_SEARCH_USER_PATHS = NO;
				CLANG_ANALYZER_NONNULL = YES;
				CLANG_ANALYZER_NUMBER_OBJECT_CONVERSION = YES_AGGRESSIVE;
				CLANG_CXX_LANGUAGE_STANDARD = "gnu++17";
				CLANG_CXX_LIBRARY = "libc++";
				CLANG_ENABLE_MODULES = YES;
				CLANG_ENABLE_OBJC_ARC = YES;
				CLANG_ENABLE_OBJC_WEAK = YES;
				CLANG_WARN_BLOCK_CAPTURE_AUTORELEASING = YES;
				CLANG_WARN_BOOL_CONVERSION = YES;
				CLANG_WARN_COMMA = YES;
				CLANG_WARN_CONSTANT_CONVERSION = YES;
				CLANG_WARN_DEPRECATED_OBJC_IMPLEMENTATIONS = YES;
				CLANG_WARN_DIRECT_OBJC_ISA_USAGE = YES_ERROR;
				CLANG_WARN_DOCUMENTATION_COMMENTS = YES;
				CLANG_WARN_EMPTY_BODY = YES;
				CLANG_WARN_ENUM_CONVERSION = YES;
				CLANG_WARN_INFINITE_RECURSION = YES;
				CLANG_WARN_INT_CONVERSION = YES;
				CLANG_WARN_NON_LITERAL_NULL_CONVERSION = YES;
				CLANG_WARN_OBJC_IMPLICIT_RETAIN_SELF = YES;
				CLANG_WARN_OBJC_LITERAL_CONVERSION = YES;
				CLANG_WARN_OBJC_ROOT_CLASS = YES_ERROR;
				CLANG_WARN_QUOTED_INCLUDE_IN_FRAMEWORK_HEADER = YES;
				CLANG_WARN_RANGE_LOOP_ANALYSIS = YES;
				CLANG_WARN_STRICT_PROTOTYPES = YES;
				CLANG_WARN_SUSPICIOUS_MOVE = YES;
				CLANG_WARN_UNGUARDED_AVAILABILITY = YES_AGGRESSIVE;
				CLANG_WARN_UNREACHABLE_CODE = YES;
				CLANG_WARN__DUPLICATE_METHOD_MATCH = YES;
				COPY_PHASE_STRIP = NO;
				DEBUG_INFORMATION_FORMAT = dwarf;
				ENABLE_STRICT_OBJC_MSGSEND = YES;
				ENABLE_TESTABILITY = YES;
				EXCLUDED_ARCHS = arm64;
				GCC_C_LANGUAGE_STANDARD = gnu11;
				GCC_DYNAMIC_NO_PIC = NO;
				GCC_NO_COMMON_BLOCKS = YES;
				GCC_OPTIMIZATION_LEVEL = 0;
				GCC_PREPROCESSOR_DEFINITIONS = (
					"DEBUG=1",
					"$(inherited)",
				);
				GCC_WARN_64_TO_32_BIT_CONVERSION = YES;
				GCC_WARN_ABOUT_RETURN_TYPE = YES_ERROR;
				GCC_WARN_UNDECLARED_SELECTOR = YES;
				GCC_WARN_UNINITIALIZED_AUTOS = YES_AGGRESSIVE;
				GCC_WARN_UNUSED_FUNCTION = YES;
				GCC_WARN_UNUSED_VARIABLE = YES;
				IPHONEOS_DEPLOYMENT_TARGET = 15.0;
				MTL_ENABLE_DEBUG_INFO = INCLUDE_SOURCE;
				MTL_FAST_MATH = YES;
				ONLY_ACTIVE_ARCH = YES;
				SDKROOT = iphoneos;
				SWIFT_ACTIVE_COMPILATION_CONDITIONS = DEBUG;
				SWIFT_OPTIMIZATION_LEVEL = "-Onone";
			};
			name = Debug;
		};
		BFC40BC2273ACB1F0065D46C /* Release */ = {
			isa = XCBuildConfiguration;
			buildSettings = {
				ALWAYS_SEARCH_USER_PATHS = NO;
				CLANG_ANALYZER_NONNULL = YES;
				CLANG_ANALYZER_NUMBER_OBJECT_CONVERSION = YES_AGGRESSIVE;
				CLANG_CXX_LANGUAGE_STANDARD = "gnu++17";
				CLANG_CXX_LIBRARY = "libc++";
				CLANG_ENABLE_MODULES = YES;
				CLANG_ENABLE_OBJC_ARC = YES;
				CLANG_ENABLE_OBJC_WEAK = YES;
				CLANG_WARN_BLOCK_CAPTURE_AUTORELEASING = YES;
				CLANG_WARN_BOOL_CONVERSION = YES;
				CLANG_WARN_COMMA = YES;
				CLANG_WARN_CONSTANT_CONVERSION = YES;
				CLANG_WARN_DEPRECATED_OBJC_IMPLEMENTATIONS = YES;
				CLANG_WARN_DIRECT_OBJC_ISA_USAGE = YES_ERROR;
				CLANG_WARN_DOCUMENTATION_COMMENTS = YES;
				CLANG_WARN_EMPTY_BODY = YES;
				CLANG_WARN_ENUM_CONVERSION = YES;
				CLANG_WARN_INFINITE_RECURSION = YES;
				CLANG_WARN_INT_CONVERSION = YES;
				CLANG_WARN_NON_LITERAL_NULL_CONVERSION = YES;
				CLANG_WARN_OBJC_IMPLICIT_RETAIN_SELF = YES;
				CLANG_WARN_OBJC_LITERAL_CONVERSION = YES;
				CLANG_WARN_OBJC_ROOT_CLASS = YES_ERROR;
				CLANG_WARN_QUOTED_INCLUDE_IN_FRAMEWORK_HEADER = YES;
				CLANG_WARN_RANGE_LOOP_ANALYSIS = YES;
				CLANG_WARN_STRICT_PROTOTYPES = YES;
				CLANG_WARN_SUSPICIOUS_MOVE = YES;
				CLANG_WARN_UNGUARDED_AVAILABILITY = YES_AGGRESSIVE;
				CLANG_WARN_UNREACHABLE_CODE = YES;
				CLANG_WARN__DUPLICATE_METHOD_MATCH = YES;
				COPY_PHASE_STRIP = NO;
				DEBUG_INFORMATION_FORMAT = "dwarf-with-dsym";
				ENABLE_NS_ASSERTIONS = NO;
				ENABLE_STRICT_OBJC_MSGSEND = YES;
				EXCLUDED_ARCHS = arm64;
				GCC_C_LANGUAGE_STANDARD = gnu11;
				GCC_NO_COMMON_BLOCKS = YES;
				GCC_WARN_64_TO_32_BIT_CONVERSION = YES;
				GCC_WARN_ABOUT_RETURN_TYPE = YES_ERROR;
				GCC_WARN_UNDECLARED_SELECTOR = YES;
				GCC_WARN_UNINITIALIZED_AUTOS = YES_AGGRESSIVE;
				GCC_WARN_UNUSED_FUNCTION = YES;
				GCC_WARN_UNUSED_VARIABLE = YES;
				IPHONEOS_DEPLOYMENT_TARGET = 15.0;
				MTL_ENABLE_DEBUG_INFO = NO;
				MTL_FAST_MATH = YES;
				SDKROOT = iphoneos;
				SWIFT_COMPILATION_MODE = wholemodule;
				SWIFT_OPTIMIZATION_LEVEL = "-O";
				VALIDATE_PRODUCT = YES;
			};
			name = Release;
		};
		BFC40BC4273ACB1F0065D46C /* Debug */ = {
			isa = XCBuildConfiguration;
			baseConfigurationReference = 4304A7C2A360B2D832E7AA32 /* Pods-CodeUICreation.debug.xcconfig */;
			buildSettings = {
				ASSETCATALOG_COMPILER_APPICON_NAME = AppIcon;
				ASSETCATALOG_COMPILER_GLOBAL_ACCENT_COLOR_NAME = AccentColor;
				CODE_SIGN_STYLE = Automatic;
				CURRENT_PROJECT_VERSION = 1;
				GENERATE_INFOPLIST_FILE = YES;
				INFOPLIST_FILE = CodeUICreation/Info.plist;
				INFOPLIST_KEY_UIApplicationSupportsIndirectInputEvents = YES;
				INFOPLIST_KEY_UILaunchStoryboardName = LaunchScreen;
				INFOPLIST_KEY_UIMainStoryboardFile = Main;
				INFOPLIST_KEY_UISupportedInterfaceOrientations_iPad = "UIInterfaceOrientationPortrait UIInterfaceOrientationPortraitUpsideDown UIInterfaceOrientationLandscapeLeft UIInterfaceOrientationLandscapeRight";
				INFOPLIST_KEY_UISupportedInterfaceOrientations_iPhone = "UIInterfaceOrientationPortrait UIInterfaceOrientationLandscapeLeft UIInterfaceOrientationLandscapeRight";
				LD_RUNPATH_SEARCH_PATHS = (
					"$(inherited)",
					"@executable_path/Frameworks",
				);
				MARKETING_VERSION = 1.0;
				PRODUCT_BUNDLE_IDENTIFIER = pl.appbeat.codeuicreation.CodeUICreation;
				PRODUCT_NAME = "$(TARGET_NAME)";
				SWIFT_EMIT_LOC_STRINGS = YES;
				SWIFT_VERSION = 5.0;
				TARGETED_DEVICE_FAMILY = "1,2";
			};
			name = Debug;
		};
		BFC40BC5273ACB1F0065D46C /* Release */ = {
			isa = XCBuildConfiguration;
			baseConfigurationReference = 6168E8A2D0ADCACD1FFB9674 /* Pods-CodeUICreation.release.xcconfig */;
			buildSettings = {
				ASSETCATALOG_COMPILER_APPICON_NAME = AppIcon;
				ASSETCATALOG_COMPILER_GLOBAL_ACCENT_COLOR_NAME = AccentColor;
				CODE_SIGN_STYLE = Automatic;
				CURRENT_PROJECT_VERSION = 1;
				GENERATE_INFOPLIST_FILE = YES;
				INFOPLIST_FILE = CodeUICreation/Info.plist;
				INFOPLIST_KEY_UIApplicationSupportsIndirectInputEvents = YES;
				INFOPLIST_KEY_UILaunchStoryboardName = LaunchScreen;
				INFOPLIST_KEY_UIMainStoryboardFile = Main;
				INFOPLIST_KEY_UISupportedInterfaceOrientations_iPad = "UIInterfaceOrientationPortrait UIInterfaceOrientationPortraitUpsideDown UIInterfaceOrientationLandscapeLeft UIInterfaceOrientationLandscapeRight";
				INFOPLIST_KEY_UISupportedInterfaceOrientations_iPhone = "UIInterfaceOrientationPortrait UIInterfaceOrientationLandscapeLeft UIInterfaceOrientationLandscapeRight";
				LD_RUNPATH_SEARCH_PATHS = (
					"$(inherited)",
					"@executable_path/Frameworks",
				);
				MARKETING_VERSION = 1.0;
				PRODUCT_BUNDLE_IDENTIFIER = pl.appbeat.codeuicreation.CodeUICreation;
				PRODUCT_NAME = "$(TARGET_NAME)";
				SWIFT_EMIT_LOC_STRINGS = YES;
				SWIFT_VERSION = 5.0;
				TARGETED_DEVICE_FAMILY = "1,2";
			};
			name = Release;
		};
/* End XCBuildConfiguration section */

/* Begin XCConfigurationList section */
		BFC40BAA273ACB1F0065D46C /* Build configuration list for PBXProject "CodeUICreation" */ = {
			isa = XCConfigurationList;
			buildConfigurations = (
				BFC40BC1273ACB1F0065D46C /* Debug */,
				BFC40BC2273ACB1F0065D46C /* Release */,
			);
			defaultConfigurationIsVisible = 0;
			defaultConfigurationName = Release;
		};
		BFC40BC3273ACB1F0065D46C /* Build configuration list for PBXNativeTarget "CodeUICreation" */ = {
			isa = XCConfigurationList;
			buildConfigurations = (
				BFC40BC4273ACB1F0065D46C /* Debug */,
				BFC40BC5273ACB1F0065D46C /* Release */,
			);
			defaultConfigurationIsVisible = 0;
			defaultConfigurationName = Release;
		};
/* End XCConfigurationList section */
	};
	rootObject = BFC40BA7273ACB1F0065D46C /* Project object */;
}
